// !$*UTF8*$!
{
	archiveVersion = 1;
	classes = {
	};
	objectVersion = 77;
	objects = {

/* Begin PBXBuildFile section */
		5101A8B92DD09E4F008CF16B /* Alamofire in Frameworks */ = {isa = PBXBuildFile; productRef = 5101A8B82DD09E4F008CF16B /* Alamofire */; };
		517026C62E4E63AB0084EF41 /* iamport-ios in Frameworks */ = {isa = PBXBuildFile; productRef = 517026C52E4E63AB0084EF41 /* iamport-ios */; };
		517AED772DCDF0DA005646A1 /* .gitignore in Resources */ = {isa = PBXBuildFile; fileRef = 517AED762DCDF0DA005646A1 /* .gitignore */; };
		517D982E2E51EEF800A1E9A1 /* RealmSwift in Frameworks */ = {isa = PBXBuildFile; productRef = 517D982D2E51EEF800A1E9A1 /* RealmSwift */; };
		517D983B2E52102B00A1E9A1 /* SocketIO in Frameworks */ = {isa = PBXBuildFile; productRef = 517D983A2E52102B00A1E9A1 /* SocketIO */; };
		519B08AD2DD726A000CDDF38 /* KakaoSDK in Frameworks */ = {isa = PBXBuildFile; productRef = 519B08AC2DD726A000CDDF38 /* KakaoSDK */; };
		519B0FB32DD79C6B00CDDF38 /* ModungjiSecret in Frameworks */ = {isa = PBXBuildFile; productRef = 519B0FB22DD79C6B00CDDF38 /* ModungjiSecret */; };
		51D212652DFC273E0033EB89 /* FirebaseAnalyticsWithoutAdIdSupport in Frameworks */ = {isa = PBXBuildFile; productRef = 51D212642DFC273E0033EB89 /* FirebaseAnalyticsWithoutAdIdSupport */; };
		51D212672DFC273E0033EB89 /* FirebaseMessaging in Frameworks */ = {isa = PBXBuildFile; productRef = 51D212662DFC273E0033EB89 /* FirebaseMessaging */; };
		51DD39792DE9A32500CCD1FE /* NMapsMap in Frameworks */ = {isa = PBXBuildFile; productRef = 51DD39782DE9A32500CCD1FE /* NMapsMap */; };
/* End PBXBuildFile section */

/* Begin PBXFileReference section */
		517AED4A2DCDEF36005646A1 /* Modungji.app */ = {isa = PBXFileReference; explicitFileType = wrapper.application; includeInIndex = 0; path = Modungji.app; sourceTree = BUILT_PRODUCTS_DIR; };
		517AED762DCDF0DA005646A1 /* .gitignore */ = {isa = PBXFileReference; lastKnownFileType = text; path = .gitignore; sourceTree = "<group>"; };
/* End PBXFileReference section */

/* Begin PBXFileSystemSynchronizedBuildFileExceptionSet section */
		519B0A0B2DD72BE400CDDF38 /* Exceptions for "Modungji" folder in "Modungji" target */ = {
			isa = PBXFileSystemSynchronizedBuildFileExceptionSet;
			membershipExceptions = (
				App/Info.plist,
			);
			target = 517AED492DCDEF36005646A1 /* Modungji */;
		};
/* End PBXFileSystemSynchronizedBuildFileExceptionSet section */

/* Begin PBXFileSystemSynchronizedRootGroup section */
		517AED4C2DCDEF36005646A1 /* Modungji */ = {
			isa = PBXFileSystemSynchronizedRootGroup;
			exceptions = (
				519B0A0B2DD72BE400CDDF38 /* Exceptions for "Modungji" folder in "Modungji" target */,
			);
			path = Modungji;
			sourceTree = "<group>";
		};
/* End PBXFileSystemSynchronizedRootGroup section */

/* Begin PBXFrameworksBuildPhase section */
		517AED472DCDEF36005646A1 /* Frameworks */ = {
			isa = PBXFrameworksBuildPhase;
			buildActionMask = 2147483647;
			files = (
				517D982E2E51EEF800A1E9A1 /* RealmSwift in Frameworks */,
				51D212672DFC273E0033EB89 /* FirebaseMessaging in Frameworks */,
				5101A8B92DD09E4F008CF16B /* Alamofire in Frameworks */,
				51D212652DFC273E0033EB89 /* FirebaseAnalyticsWithoutAdIdSupport in Frameworks */,
				51DD39792DE9A32500CCD1FE /* NMapsMap in Frameworks */,
				519B0FB32DD79C6B00CDDF38 /* ModungjiSecret in Frameworks */,
				517026C62E4E63AB0084EF41 /* iamport-ios in Frameworks */,
				519B08AD2DD726A000CDDF38 /* KakaoSDK in Frameworks */,
				517D983B2E52102B00A1E9A1 /* SocketIO in Frameworks */,
			);
			runOnlyForDeploymentPostprocessing = 0;
		};
/* End PBXFrameworksBuildPhase section */

/* Begin PBXGroup section */
		517AED412DCDEF36005646A1 = {
			isa = PBXGroup;
			children = (
				517AED762DCDF0DA005646A1 /* .gitignore */,
				517AED4C2DCDEF36005646A1 /* Modungji */,
				517AED4B2DCDEF36005646A1 /* Products */,
			);
			sourceTree = "<group>";
		};
		517AED4B2DCDEF36005646A1 /* Products */ = {
			isa = PBXGroup;
			children = (
				517AED4A2DCDEF36005646A1 /* Modungji.app */,
			);
			name = Products;
			sourceTree = "<group>";
		};
/* End PBXGroup section */

/* Begin PBXNativeTarget section */
		517AED492DCDEF36005646A1 /* Modungji */ = {
			isa = PBXNativeTarget;
			buildConfigurationList = 517AED582DCDEF37005646A1 /* Build configuration list for PBXNativeTarget "Modungji" */;
			buildPhases = (
				517AED462DCDEF36005646A1 /* Sources */,
				517AED472DCDEF36005646A1 /* Frameworks */,
				519B0BFE2DD72FBC00CDDF38 /* Kakao Key Config File Script */,
				517AED482DCDEF36005646A1 /* Resources */,
			);
			buildRules = (
			);
			dependencies = (
			);
			fileSystemSynchronizedGroups = (
				517AED4C2DCDEF36005646A1 /* Modungji */,
			);
			name = Modungji;
			packageProductDependencies = (
				5101A8B82DD09E4F008CF16B /* Alamofire */,
				519B08AC2DD726A000CDDF38 /* KakaoSDK */,
				519B0FB22DD79C6B00CDDF38 /* ModungjiSecret */,
				51DD39782DE9A32500CCD1FE /* NMapsMap */,
				51D212642DFC273E0033EB89 /* FirebaseAnalyticsWithoutAdIdSupport */,
				51D212662DFC273E0033EB89 /* FirebaseMessaging */,
				517026C52E4E63AB0084EF41 /* iamport-ios */,
				517D982D2E51EEF800A1E9A1 /* RealmSwift */,
				517D983A2E52102B00A1E9A1 /* SocketIO */,
			);
			productName = Modungji;
			productReference = 517AED4A2DCDEF36005646A1 /* Modungji.app */;
			productType = "com.apple.product-type.application";
		};
/* End PBXNativeTarget section */

/* Begin PBXProject section */
		517AED422DCDEF36005646A1 /* Project object */ = {
			isa = PBXProject;
			attributes = {
				BuildIndependentTargetsInParallel = 1;
				LastSwiftUpdateCheck = 1600;
				LastUpgradeCheck = 1600;
				TargetAttributes = {
					517AED492DCDEF36005646A1 = {
						CreatedOnToolsVersion = 16.0;
					};
				};
			};
			buildConfigurationList = 517AED452DCDEF36005646A1 /* Build configuration list for PBXProject "Modungji" */;
			developmentRegion = en;
			hasScannedForEncodings = 0;
			knownRegions = (
				en,
				Base,
			);
			mainGroup = 517AED412DCDEF36005646A1;
			minimizedProjectReferenceProxies = 1;
			packageReferences = (
				5101A8B72DD09E4F008CF16B /* XCRemoteSwiftPackageReference "Alamofire" */,
				519B08AB2DD726A000CDDF38 /* XCRemoteSwiftPackageReference "kakao-ios-sdk" */,
				519B0FB12DD79C6B00CDDF38 /* XCLocalSwiftPackageReference "ModungjiSecret" */,
				51DD39772DE9A32500CCD1FE /* XCRemoteSwiftPackageReference "SPM-NMapsMap" */,
				51D212632DFC273E0033EB89 /* XCRemoteSwiftPackageReference "firebase-ios-sdk" */,
				517026C42E4E63AB0084EF41 /* XCRemoteSwiftPackageReference "iamport-ios" */,
				517D982C2E51EEF800A1E9A1 /* XCRemoteSwiftPackageReference "realm-swift" */,
				517D98392E52102B00A1E9A1 /* XCRemoteSwiftPackageReference "socket.io-client-swift" */,
			);
			preferredProjectObjectVersion = 77;
			productRefGroup = 517AED4B2DCDEF36005646A1 /* Products */;
			projectDirPath = "";
			projectRoot = "";
			targets = (
				517AED492DCDEF36005646A1 /* Modungji */,
			);
		};
/* End PBXProject section */

/* Begin PBXResourcesBuildPhase section */
		517AED482DCDEF36005646A1 /* Resources */ = {
			isa = PBXResourcesBuildPhase;
			buildActionMask = 2147483647;
			files = (
				517AED772DCDF0DA005646A1 /* .gitignore in Resources */,
			);
			runOnlyForDeploymentPostprocessing = 0;
		};
/* End PBXResourcesBuildPhase section */

/* Begin PBXShellScriptBuildPhase section */
		519B0BFE2DD72FBC00CDDF38 /* Kakao Key Config File Script */ = {
			isa = PBXShellScriptBuildPhase;
			alwaysOutOfDate = 1;
			buildActionMask = 2147483647;
			files = (
			);
			inputFileListPaths = (
			);
			inputPaths = (
				"${SRCROOT}/ModungjiSecret/Sources/ModungjiSecret/ModungjiSecret.swift",
			);
			name = "Kakao Key Config File Script";
			outputFileListPaths = (
			);
			outputPaths = (
				"$(PROJECT_DIR)/Modungji/App/KakaoKey.xcconfig",
			);
			runOnlyForDeploymentPostprocessing = 0;
			shellPath = /bin/sh;
			shellScript = "set -e\n\nSECRET_FILE_PATH=\"${SRCROOT}/ModungjiSecret/Sources/ModungjiSecret/ModungjiSecret.swift\"\nKAKAO_KEY_FILE=\"${PROJECT_DIR}/Modungji/App/KakaoKey.xcconfig\"\n\n# ModungjiSecret 파일이 없다면 에러\nif [ ! -f \"$SECRET_FILE_PATH\" ]; then\n    echo \"❌ error: $SECRET_FILE_PATH 파일이 존재하지 않습니다.\"\n    exit 1 \nfi\n\n# kakaoKey 추출\nKEY=$(awk '/enum Kakao/,/}/' \"$SECRET_FILE_PATH\" | \\\n      grep 'public static let key' | \\\n      sed -E 's/.*= \"(.*)\"/\\1/')\n\nif [ -z \"$KEY\" ]; then\n    echo \"❌ error: kakaoKey 값을 추출하지 못했습니다.\"\n    exit 1\nfi\n\n# KakaoKey 파일 체크\nif [ -f \"$KAKAO_KEY_FILE\" ]; then\n    if grep -q \"^KAKAO_KEY\" \"$KAKAO_KEY_FILE\"; then\n        echo \"✅ success: $KAKAO_KEY_FILE 파일이 이미 존재하고 키 값이 포함되어 있습니다.\"\n        exit 0\n    else\n        echo \"KAKAO_KEY = $KEY\" >> \"$KAKAO_KEY_FILE\"\n        echo \"✅ success: $KAKAO_KEY_FILE 파일에 키 값을 추가했습니다.\"\n        exit 0\n    fi\nelse\n    cat <<EOF > \"$KAKAO_KEY_FILE\"\nKAKAO_KEY = $KEY\nEOF\n    echo \"✅ success: $KAKAO_KEY_FILE 파일 생성 후, 키 값을 추가했습니다.\"\n    exit 0\nfi\n";
		};
/* End PBXShellScriptBuildPhase section */

/* Begin PBXSourcesBuildPhase section */
		517AED462DCDEF36005646A1 /* Sources */ = {
			isa = PBXSourcesBuildPhase;
			buildActionMask = 2147483647;
			files = (
			);
			runOnlyForDeploymentPostprocessing = 0;
		};
/* End PBXSourcesBuildPhase section */

/* Begin XCBuildConfiguration section */
		517AED562DCDEF37005646A1 /* Debug */ = {
			isa = XCBuildConfiguration;
			buildSettings = {
				ALWAYS_SEARCH_USER_PATHS = NO;
				ASSETCATALOG_COMPILER_GENERATE_SWIFT_ASSET_SYMBOL_EXTENSIONS = YES;
				CLANG_ANALYZER_NONNULL = YES;
				CLANG_ANALYZER_NUMBER_OBJECT_CONVERSION = YES_AGGRESSIVE;
				CLANG_CXX_LANGUAGE_STANDARD = "gnu++20";
				CLANG_ENABLE_MODULES = YES;
				CLANG_ENABLE_OBJC_ARC = YES;
				CLANG_ENABLE_OBJC_WEAK = YES;
				CLANG_WARN_BLOCK_CAPTURE_AUTORELEASING = YES;
				CLANG_WARN_BOOL_CONVERSION = YES;
				CLANG_WARN_COMMA = YES;
				CLANG_WARN_CONSTANT_CONVERSION = YES;
				CLANG_WARN_DEPRECATED_OBJC_IMPLEMENTATIONS = YES;
				CLANG_WARN_DIRECT_OBJC_ISA_USAGE = YES_ERROR;
				CLANG_WARN_DOCUMENTATION_COMMENTS = YES;
				CLANG_WARN_EMPTY_BODY = YES;
				CLANG_WARN_ENUM_CONVERSION = YES;
				CLANG_WARN_INFINITE_RECURSION = YES;
				CLANG_WARN_INT_CONVERSION = YES;
				CLANG_WARN_NON_LITERAL_NULL_CONVERSION = YES;
				CLANG_WARN_OBJC_IMPLICIT_RETAIN_SELF = YES;
				CLANG_WARN_OBJC_LITERAL_CONVERSION = YES;
				CLANG_WARN_OBJC_ROOT_CLASS = YES_ERROR;
				CLANG_WARN_QUOTED_INCLUDE_IN_FRAMEWORK_HEADER = YES;
				CLANG_WARN_RANGE_LOOP_ANALYSIS = YES;
				CLANG_WARN_STRICT_PROTOTYPES = YES;
				CLANG_WARN_SUSPICIOUS_MOVE = YES;
				CLANG_WARN_UNGUARDED_AVAILABILITY = YES_AGGRESSIVE;
				CLANG_WARN_UNREACHABLE_CODE = YES;
				CLANG_WARN__DUPLICATE_METHOD_MATCH = YES;
				COPY_PHASE_STRIP = NO;
				DEBUG_INFORMATION_FORMAT = dwarf;
				ENABLE_STRICT_OBJC_MSGSEND = YES;
				ENABLE_TESTABILITY = YES;
				ENABLE_USER_SCRIPT_SANDBOXING = YES;
				GCC_C_LANGUAGE_STANDARD = gnu17;
				GCC_DYNAMIC_NO_PIC = NO;
				GCC_NO_COMMON_BLOCKS = YES;
				GCC_OPTIMIZATION_LEVEL = 0;
				GCC_PREPROCESSOR_DEFINITIONS = (
					"DEBUG=1",
					"$(inherited)",
				);
				GCC_WARN_64_TO_32_BIT_CONVERSION = YES;
				GCC_WARN_ABOUT_RETURN_TYPE = YES_ERROR;
				GCC_WARN_UNDECLARED_SELECTOR = YES;
				GCC_WARN_UNINITIALIZED_AUTOS = YES_AGGRESSIVE;
				GCC_WARN_UNUSED_FUNCTION = YES;
				GCC_WARN_UNUSED_VARIABLE = YES;
				IPHONEOS_DEPLOYMENT_TARGET = 18.0;
				LOCALIZATION_PREFERS_STRING_CATALOGS = YES;
				MTL_ENABLE_DEBUG_INFO = INCLUDE_SOURCE;
				MTL_FAST_MATH = YES;
				ONLY_ACTIVE_ARCH = YES;
				SDKROOT = iphoneos;
				SWIFT_ACTIVE_COMPILATION_CONDITIONS = "DEBUG $(inherited)";
				SWIFT_OPTIMIZATION_LEVEL = "-Onone";
			};
			name = Debug;
		};
		517AED572DCDEF37005646A1 /* Release */ = {
			isa = XCBuildConfiguration;
			buildSettings = {
				ALWAYS_SEARCH_USER_PATHS = NO;
				ASSETCATALOG_COMPILER_GENERATE_SWIFT_ASSET_SYMBOL_EXTENSIONS = YES;
				CLANG_ANALYZER_NONNULL = YES;
				CLANG_ANALYZER_NUMBER_OBJECT_CONVERSION = YES_AGGRESSIVE;
				CLANG_CXX_LANGUAGE_STANDARD = "gnu++20";
				CLANG_ENABLE_MODULES = YES;
				CLANG_ENABLE_OBJC_ARC = YES;
				CLANG_ENABLE_OBJC_WEAK = YES;
				CLANG_WARN_BLOCK_CAPTURE_AUTORELEASING = YES;
				CLANG_WARN_BOOL_CONVERSION = YES;
				CLANG_WARN_COMMA = YES;
				CLANG_WARN_CONSTANT_CONVERSION = YES;
				CLANG_WARN_DEPRECATED_OBJC_IMPLEMENTATIONS = YES;
				CLANG_WARN_DIRECT_OBJC_ISA_USAGE = YES_ERROR;
				CLANG_WARN_DOCUMENTATION_COMMENTS = YES;
				CLANG_WARN_EMPTY_BODY = YES;
				CLANG_WARN_ENUM_CONVERSION = YES;
				CLANG_WARN_INFINITE_RECURSION = YES;
				CLANG_WARN_INT_CONVERSION = YES;
				CLANG_WARN_NON_LITERAL_NULL_CONVERSION = YES;
				CLANG_WARN_OBJC_IMPLICIT_RETAIN_SELF = YES;
				CLANG_WARN_OBJC_LITERAL_CONVERSION = YES;
				CLANG_WARN_OBJC_ROOT_CLASS = YES_ERROR;
				CLANG_WARN_QUOTED_INCLUDE_IN_FRAMEWORK_HEADER = YES;
				CLANG_WARN_RANGE_LOOP_ANALYSIS = YES;
				CLANG_WARN_STRICT_PROTOTYPES = YES;
				CLANG_WARN_SUSPICIOUS_MOVE = YES;
				CLANG_WARN_UNGUARDED_AVAILABILITY = YES_AGGRESSIVE;
				CLANG_WARN_UNREACHABLE_CODE = YES;
				CLANG_WARN__DUPLICATE_METHOD_MATCH = YES;
				COPY_PHASE_STRIP = NO;
				DEBUG_INFORMATION_FORMAT = "dwarf-with-dsym";
				ENABLE_NS_ASSERTIONS = NO;
				ENABLE_STRICT_OBJC_MSGSEND = YES;
				ENABLE_USER_SCRIPT_SANDBOXING = YES;
				GCC_C_LANGUAGE_STANDARD = gnu17;
				GCC_NO_COMMON_BLOCKS = YES;
				GCC_WARN_64_TO_32_BIT_CONVERSION = YES;
				GCC_WARN_ABOUT_RETURN_TYPE = YES_ERROR;
				GCC_WARN_UNDECLARED_SELECTOR = YES;
				GCC_WARN_UNINITIALIZED_AUTOS = YES_AGGRESSIVE;
				GCC_WARN_UNUSED_FUNCTION = YES;
				GCC_WARN_UNUSED_VARIABLE = YES;
				IPHONEOS_DEPLOYMENT_TARGET = 18.0;
				LOCALIZATION_PREFERS_STRING_CATALOGS = YES;
				MTL_ENABLE_DEBUG_INFO = NO;
				MTL_FAST_MATH = YES;
				SDKROOT = iphoneos;
				SWIFT_COMPILATION_MODE = wholemodule;
				VALIDATE_PRODUCT = YES;
			};
			name = Release;
		};
		517AED592DCDEF37005646A1 /* Debug */ = {
			isa = XCBuildConfiguration;
			baseConfigurationReferenceAnchor = 517AED4C2DCDEF36005646A1 /* Modungji */;
			baseConfigurationReferenceRelativePath = App/KakaoKey.xcconfig;
			buildSettings = {
				ASSETCATALOG_COMPILER_APPICON_NAME = AppIcon;
				ASSETCATALOG_COMPILER_GLOBAL_ACCENT_COLOR_NAME = AccentColor;
				CODE_SIGN_ENTITLEMENTS = Modungji/App/Modungji.entitlements;
				CODE_SIGN_STYLE = Automatic;
				CURRENT_PROJECT_VERSION = 1;
				DEVELOPMENT_ASSET_PATHS = Modungji/Development;
				DEVELOPMENT_TEAM = 6UR3X5MRY6;
				ENABLE_PREVIEWS = YES;
				ENABLE_USER_SCRIPT_SANDBOXING = NO;
				GENERATE_INFOPLIST_FILE = YES;
				INFOPLIST_FILE = Modungji/App/Info.plist;
				INFOPLIST_KEY_NSLocationAlwaysAndWhenInUseUsageDescription = "$(PRODUCT_NAME)에서 현재 위치를 표시하기 위해 위치 권한이 필요합니다.";
				INFOPLIST_KEY_NSLocationWhenInUseUsageDescription = "$(PRODUCT_NAME)에서 현재 위치를 표시하기 위해 위치 권한이 필요합니다.";
				INFOPLIST_KEY_UIApplicationSceneManifest_Generation = YES;
				INFOPLIST_KEY_UIApplicationSupportsIndirectInputEvents = YES;
				INFOPLIST_KEY_UILaunchScreen_Generation = YES;
				INFOPLIST_KEY_UISupportedInterfaceOrientations = UIInterfaceOrientationPortrait;
				IPHONEOS_DEPLOYMENT_TARGET = 16.0;
				LD_RUNPATH_SEARCH_PATHS = (
					"$(inherited)",
					"@executable_path/Frameworks",
				);
				MARKETING_VERSION = 1.0;
				PRODUCT_BUNDLE_IDENTIFIER = com.arthur.modungji;
				PRODUCT_NAME = "$(TARGET_NAME)";
				SUPPORTED_PLATFORMS = "iphoneos iphonesimulator";
				SUPPORTS_MACCATALYST = NO;
				SUPPORTS_MAC_DESIGNED_FOR_IPHONE_IPAD = NO;
				SUPPORTS_XR_DESIGNED_FOR_IPHONE_IPAD = NO;
				SWIFT_EMIT_LOC_STRINGS = YES;
				SWIFT_VERSION = 5.0;
				TARGETED_DEVICE_FAMILY = 1;
			};
			name = Debug;
		};
		517AED5A2DCDEF37005646A1 /* Release */ = {
			isa = XCBuildConfiguration;
			baseConfigurationReferenceAnchor = 517AED4C2DCDEF36005646A1 /* Modungji */;
			baseConfigurationReferenceRelativePath = App/KakaoKey.xcconfig;
			buildSettings = {
				ASSETCATALOG_COMPILER_APPICON_NAME = AppIcon;
				ASSETCATALOG_COMPILER_GLOBAL_ACCENT_COLOR_NAME = AccentColor;
				CODE_SIGN_ENTITLEMENTS = Modungji/App/Modungji.entitlements;
				CODE_SIGN_STYLE = Automatic;
				CURRENT_PROJECT_VERSION = 1;
				DEVELOPMENT_ASSET_PATHS = Modungji/Development;
				DEVELOPMENT_TEAM = 6UR3X5MRY6;
				ENABLE_PREVIEWS = YES;
				ENABLE_USER_SCRIPT_SANDBOXING = NO;
				GENERATE_INFOPLIST_FILE = YES;
				INFOPLIST_FILE = Modungji/App/Info.plist;
				INFOPLIST_KEY_NSLocationAlwaysAndWhenInUseUsageDescription = "$(PRODUCT_NAME)에서 현재 위치를 표시하기 위해 위치 권한이 필요합니다.";
				INFOPLIST_KEY_NSLocationWhenInUseUsageDescription = "$(PRODUCT_NAME)에서 현재 위치를 표시하기 위해 위치 권한이 필요합니다.";
				INFOPLIST_KEY_UIApplicationSceneManifest_Generation = YES;
				INFOPLIST_KEY_UIApplicationSupportsIndirectInputEvents = YES;
				INFOPLIST_KEY_UILaunchScreen_Generation = YES;
				INFOPLIST_KEY_UISupportedInterfaceOrientations = UIInterfaceOrientationPortrait;
				IPHONEOS_DEPLOYMENT_TARGET = 16.0;
				LD_RUNPATH_SEARCH_PATHS = (
					"$(inherited)",
					"@executable_path/Frameworks",
				);
				MARKETING_VERSION = 1.0;
				PRODUCT_BUNDLE_IDENTIFIER = com.arthur.modungji;
				PRODUCT_NAME = "$(TARGET_NAME)";
				SUPPORTED_PLATFORMS = "iphoneos iphonesimulator";
				SUPPORTS_MACCATALYST = NO;
				SUPPORTS_MAC_DESIGNED_FOR_IPHONE_IPAD = NO;
				SUPPORTS_XR_DESIGNED_FOR_IPHONE_IPAD = NO;
				SWIFT_EMIT_LOC_STRINGS = YES;
				SWIFT_VERSION = 5.0;
				TARGETED_DEVICE_FAMILY = 1;
			};
			name = Release;
		};
/* End XCBuildConfiguration section */

/* Begin XCConfigurationList section */
		517AED452DCDEF36005646A1 /* Build configuration list for PBXProject "Modungji" */ = {
			isa = XCConfigurationList;
			buildConfigurations = (
				517AED562DCDEF37005646A1 /* Debug */,
				517AED572DCDEF37005646A1 /* Release */,
			);
			defaultConfigurationIsVisible = 0;
			defaultConfigurationName = Release;
		};
		517AED582DCDEF37005646A1 /* Build configuration list for PBXNativeTarget "Modungji" */ = {
			isa = XCConfigurationList;
			buildConfigurations = (
				517AED592DCDEF37005646A1 /* Debug */,
				517AED5A2DCDEF37005646A1 /* Release */,
			);
			defaultConfigurationIsVisible = 0;
			defaultConfigurationName = Release;
		};
/* End XCConfigurationList section */

/* Begin XCLocalSwiftPackageReference section */
		519B0FB12DD79C6B00CDDF38 /* XCLocalSwiftPackageReference "ModungjiSecret" */ = {
			isa = XCLocalSwiftPackageReference;
			relativePath = ModungjiSecret;
		};
/* End XCLocalSwiftPackageReference section */

/* Begin XCRemoteSwiftPackageReference section */
		5101A8B72DD09E4F008CF16B /* XCRemoteSwiftPackageReference "Alamofire" */ = {
			isa = XCRemoteSwiftPackageReference;
			repositoryURL = "https://github.com/Alamofire/Alamofire";
			requirement = {
				kind = upToNextMajorVersion;
				minimumVersion = 5.10.2;
			};
		};
		517026C42E4E63AB0084EF41 /* XCRemoteSwiftPackageReference "iamport-ios" */ = {
			isa = XCRemoteSwiftPackageReference;
			repositoryURL = "https://github.com/iamport/iamport-ios.git";
			requirement = {
				kind = upToNextMajorVersion;
				minimumVersion = 1.4.7;
			};
		};
		517D982C2E51EEF800A1E9A1 /* XCRemoteSwiftPackageReference "realm-swift" */ = {
			isa = XCRemoteSwiftPackageReference;
			repositoryURL = "https://github.com/realm/realm-swift.git";
			requirement = {
				kind = exactVersion;
				version = 20.0.3;
			};
		};
		517D98392E52102B00A1E9A1 /* XCRemoteSwiftPackageReference "socket.io-client-swift" */ = {
			isa = XCRemoteSwiftPackageReference;
			repositoryURL = "https://github.com/socketio/socket.io-client-swift.git";
			requirement = {
				kind = upToNextMajorVersion;
				minimumVersion = 16.1.0;
			};
		};
		519B08AB2DD726A000CDDF38 /* XCRemoteSwiftPackageReference "kakao-ios-sdk" */ = {
			isa = XCRemoteSwiftPackageReference;
			repositoryURL = "https://github.com/kakao/kakao-ios-sdk";
			requirement = {
				kind = upToNextMajorVersion;
				minimumVersion = 2.24.2;
			};
		};
		51D212632DFC273E0033EB89 /* XCRemoteSwiftPackageReference "firebase-ios-sdk" */ = {
			isa = XCRemoteSwiftPackageReference;
			repositoryURL = "https://github.com/firebase/firebase-ios-sdk";
			requirement = {
				kind = upToNextMajorVersion;
				minimumVersion = 11.14.0;
			};
		};
		51DD39772DE9A32500CCD1FE /* XCRemoteSwiftPackageReference "SPM-NMapsMap" */ = {
			isa = XCRemoteSwiftPackageReference;
			repositoryURL = "https://github.com/navermaps/SPM-NMapsMap";
			requirement = {
				kind = upToNextMajorVersion;
				minimumVersion = 3.21.0;
			};
		};
/* End XCRemoteSwiftPackageReference section */

/* Begin XCSwiftPackageProductDependency section */
		5101A8B82DD09E4F008CF16B /* Alamofire */ = {
			isa = XCSwiftPackageProductDependency;
			package = 5101A8B72DD09E4F008CF16B /* XCRemoteSwiftPackageReference "Alamofire" */;
			productName = Alamofire;
		};
		517026C52E4E63AB0084EF41 /* iamport-ios */ = {
			isa = XCSwiftPackageProductDependency;
			package = 517026C42E4E63AB0084EF41 /* XCRemoteSwiftPackageReference "iamport-ios" */;
			productName = "iamport-ios";
		};
		517D982D2E51EEF800A1E9A1 /* RealmSwift */ = {
			isa = XCSwiftPackageProductDependency;
			package = 517D982C2E51EEF800A1E9A1 /* XCRemoteSwiftPackageReference "realm-swift" */;
			productName = RealmSwift;
		};
		517D983A2E52102B00A1E9A1 /* SocketIO */ = {
			isa = XCSwiftPackageProductDependency;
			package = 517D98392E52102B00A1E9A1 /* XCRemoteSwiftPackageReference "socket.io-client-swift" */;
			productName = SocketIO;
		};
		519B08AC2DD726A000CDDF38 /* KakaoSDK */ = {
			isa = XCSwiftPackageProductDependency;
			package = 519B08AB2DD726A000CDDF38 /* XCRemoteSwiftPackageReference "kakao-ios-sdk" */;
			productName = KakaoSDK;
		};
		519B0FB22DD79C6B00CDDF38 /* ModungjiSecret */ = {
			isa = XCSwiftPackageProductDependency;
			productName = ModungjiSecret;
		};
		51D212642DFC273E0033EB89 /* FirebaseAnalyticsWithoutAdIdSupport */ = {
			isa = XCSwiftPackageProductDependency;
			package = 51D212632DFC273E0033EB89 /* XCRemoteSwiftPackageReference "firebase-ios-sdk" */;
			productName = FirebaseAnalyticsWithoutAdIdSupport;
		};
		51D212662DFC273E0033EB89 /* FirebaseMessaging */ = {
			isa = XCSwiftPackageProductDependency;
			package = 51D212632DFC273E0033EB89 /* XCRemoteSwiftPackageReference "firebase-ios-sdk" */;
			productName = FirebaseMessaging;
		};
		51DD39782DE9A32500CCD1FE /* NMapsMap */ = {
			isa = XCSwiftPackageProductDependency;
			package = 51DD39772DE9A32500CCD1FE /* XCRemoteSwiftPackageReference "SPM-NMapsMap" */;
			productName = NMapsMap;
		};
/* End XCSwiftPackageProductDependency section */
	};
	rootObject = 517AED422DCDEF36005646A1 /* Project object */;
}
